
Microsoft Visual Studio Solution File, Format Version 12.00
# Visual Studio Version 16
VisualStudioVersion = 16.0.31019.35
MinimumVisualStudioVersion = 10.0.40219.1
Project("{FAE04EC0-301F-11D3-BF4B-00C04F79EFBC}") = "DBOTools", "DBOTools\DBOTools.csproj", "{77BE06C6-A5CE-4065-991C-A9B778A7E94A}"
EndProject
Global
	GlobalSection(SolutionConfigurationPlatforms) = preSolution
		Debug|Any CPU = Debug|Any CPU
		Release|Any CPU = Release|Any CPU
	EndGlobalSection
	GlobalSection(ProjectConfigurationPlatforms) = postSolution
		{77BE06C6-A5CE-4065-991C-A9B778A7E94A}.Debug|Any CPU.ActiveCfg = Debug|Any CPU
		{77BE06C6-A5CE-4065-991C-A9B778A7E94A}.Debug|Any CPU.Build.0 = Debug|Any CPU
		{77BE06C6-A5CE-4065-991C-A9B778A7E94A}.Release|Any CPU.ActiveCfg = Release|Any CPU
		{77BE06C6-A5CE-4065-991C-A9B778A7E94A}.Release|Any CPU.Build.0 = Release|Any CPU
	EndGlobalSection
	GlobalSection(SolutionProperties) = preSolution
		HideSolutionNode = FALSE
	EndGlobalSection
	GlobalSection(ExtensibilityGlobals) = postSolution
		SolutionGuid = {3C927C71-14B4-4BDF-A1CC-1136BF22DC6E}
	EndGlobalSection
EndGlobal
